// !$*UTF8*$!
{
	archiveVersion = 1;
	classes = {
	};
	objectVersion = 56;
	objects = {

/* Begin PBXBuildFile section */
		BE06844C2AE0CEF1004CABE7 /* PatientFilesListView.swift in Sources */ = {isa = PBXBuildFile; fileRef = BE06844B2AE0CEF1004CABE7 /* PatientFilesListView.swift */; };
		BE06844E2AE0D01F004CABE7 /* FileUploadButton.swift in Sources */ = {isa = PBXBuildFile; fileRef = BE06844D2AE0D01F004CABE7 /* FileUploadButton.swift */; };
		BE0BF44B2B437ABF006FCD4F /* FileListView.swift in Sources */ = {isa = PBXBuildFile; fileRef = BE0BF44A2B437ABF006FCD4F /* FileListView.swift */; };
		BE0F07892ABE53C2004B71D5 /* ProfileView.swift in Sources */ = {isa = PBXBuildFile; fileRef = BE0F07882ABE53C2004B71D5 /* ProfileView.swift */; };
		BE16E2072AAEB20B004052B8 /* HopeReinsApp.swift in Sources */ = {isa = PBXBuildFile; fileRef = BE16E2062AAEB20B004052B8 /* HopeReinsApp.swift */; };
		BE16E2092AAEB20B004052B8 /* CopyPathsView.swift in Sources */ = {isa = PBXBuildFile; fileRef = BE16E2082AAEB20B004052B8 /* CopyPathsView.swift */; };
		BE16E20B2AAEB20C004052B8 /* Assets.xcassets in Resources */ = {isa = PBXBuildFile; fileRef = BE16E20A2AAEB20C004052B8 /* Assets.xcassets */; };
		BE16E20E2AAEB20C004052B8 /* Preview Assets.xcassets in Resources */ = {isa = PBXBuildFile; fileRef = BE16E20D2AAEB20C004052B8 /* Preview Assets.xcassets */; };
		BE31DFA82B40F9C2006E4806 /* LoginView.swift in Sources */ = {isa = PBXBuildFile; fileRef = BE31DFA72B40F9C2006E4806 /* LoginView.swift */; };
		BE31DFAB2B40F9E3006E4806 /* ProfileLoginView.swift in Sources */ = {isa = PBXBuildFile; fileRef = BE31DFAA2B40F9E3006E4806 /* ProfileLoginView.swift */; };
		BE31DFB02B40FC47006E4806 /* SetupUsersView.swift in Sources */ = {isa = PBXBuildFile; fileRef = BE31DFAF2B40FC47006E4806 /* SetupUsersView.swift */; };
		BE3D070C2B0A6A0F00953754 /* PatientFilesSearch.swift in Sources */ = {isa = PBXBuildFile; fileRef = BE3D070B2B0A6A0F00953754 /* PatientFilesSearch.swift */; };
		BE3D070E2B0A700B00953754 /* PatientSearch.swift in Sources */ = {isa = PBXBuildFile; fileRef = BE3D070D2B0A700B00953754 /* PatientSearch.swift */; };
		BE4697FD2B6DD678001E2E39 /* PastChangeSelectionView.swift in Sources */ = {isa = PBXBuildFile; fileRef = BE4697FC2B6DD678001E2E39 /* PastChangeSelectionView.swift */; };
		BE4697FF2B6DD69D001E2E39 /* ReviewChangesView.swift in Sources */ = {isa = PBXBuildFile; fileRef = BE4697FE2B6DD69D001E2E39 /* ReviewChangesView.swift */; };
		BE4698012B6DD6D4001E2E39 /* InstructorsMenu.swift in Sources */ = {isa = PBXBuildFile; fileRef = BE4698002B6DD6D4001E2E39 /* InstructorsMenu.swift */; };
		BE4698032B6DD723001E2E39 /* DynamicUIElement.swift in Sources */ = {isa = PBXBuildFile; fileRef = BE4698022B6DD723001E2E39 /* DynamicUIElement.swift */; };
		BE4D901B2AD2EE3000948BA3 /* PatientsView.swift in Sources */ = {isa = PBXBuildFile; fileRef = BE4D901A2AD2EE3000948BA3 /* PatientsView.swift */; };
		BE5FC74C2B7B2AF700B46891 /* RidingFormType.swift in Sources */ = {isa = PBXBuildFile; fileRef = BE5FC74B2B7B2AF700B46891 /* RidingFormType.swift */; };
		BE5FC74E2B7B2B1400B46891 /* PhysicalTherabyFormType.swift in Sources */ = {isa = PBXBuildFile; fileRef = BE5FC74D2B7B2B1400B46891 /* PhysicalTherabyFormType.swift */; };
		BE5FC7502B7B2B6D00B46891 /* FileModification.swift in Sources */ = {isa = PBXBuildFile; fileRef = BE5FC74F2B7B2B6D00B46891 /* FileModification.swift */; };
		BE5FC7522B7B2B8A00B46891 /* FormSectionContent.swift in Sources */ = {isa = PBXBuildFile; fileRef = BE5FC7512B7B2B8A00B46891 /* FormSectionContent.swift */; };
		BE5FC7542B7B2BA200B46891 /* OriginalValueView.swift in Sources */ = {isa = PBXBuildFile; fileRef = BE5FC7532B7B2BA200B46891 /* OriginalValueView.swift */; };
		BE5FC7582B7B2BDF00B46891 /* UIManagement.swift in Sources */ = {isa = PBXBuildFile; fileRef = BE5FC7572B7B2BDF00B46891 /* UIManagement.swift */; };
		BE5FC7612B7B2CC200B46891 /* BasicTextField.swift in Sources */ = {isa = PBXBuildFile; fileRef = BE5FC7602B7B2CC200B46891 /* BasicTextField.swift */; };
		BE5FC7632B7B2CE600B46891 /* DateSelection.swift in Sources */ = {isa = PBXBuildFile; fileRef = BE5FC7622B7B2CE600B46891 /* DateSelection.swift */; };
		BE5FC7652B7B2D2600B46891 /* PhyisicalTherabyFillIn.swift in Sources */ = {isa = PBXBuildFile; fileRef = BE5FC7642B7B2D2600B46891 /* PhyisicalTherabyFillIn.swift */; };
		BE5FC7672B7B2D4600B46891 /* RevalFillIn.swift in Sources */ = {isa = PBXBuildFile; fileRef = BE5FC7662B7B2D4600B46891 /* RevalFillIn.swift */; };
		BE5FC7692B7B2D7F00B46891 /* DailyNoteFillIn.swift in Sources */ = {isa = PBXBuildFile; fileRef = BE5FC7682B7B2D7F00B46891 /* DailyNoteFillIn.swift */; };
		BE5FC76F2B7B2E0900B46891 /* MultiSelectOthers.swift in Sources */ = {isa = PBXBuildFile; fileRef = BE5FC76E2B7B2E0900B46891 /* MultiSelectOthers.swift */; };
		BE5FC7712B7B2E2500B46891 /* MultiSelectWithTitle.swift in Sources */ = {isa = PBXBuildFile; fileRef = BE5FC7702B7B2E2500B46891 /* MultiSelectWithTitle.swift */; };
		BE5FC7732B7B2E4500B46891 /* SingleSelectLastDescription.swift in Sources */ = {isa = PBXBuildFile; fileRef = BE5FC7722B7B2E4500B46891 /* SingleSelectLastDescription.swift */; };
		BE5FC7772B7B2ECB00B46891 /* DegreeField.swift in Sources */ = {isa = PBXBuildFile; fileRef = BE5FC7762B7B2ECB00B46891 /* DegreeField.swift */; };
		BE5FC7792B7B2EDE00B46891 /* RestrictedNumberField.swift in Sources */ = {isa = PBXBuildFile; fileRef = BE5FC7782B7B2EDE00B46891 /* RestrictedNumberField.swift */; };
		BE5FC77B2B7B2EF500B46891 /* DailyNoteTable.swift in Sources */ = {isa = PBXBuildFile; fileRef = BE5FC77A2B7B2EF500B46891 /* DailyNoteTable.swift */; };
		BE5FC77D2B7B2F0900B46891 /* StrengthTable.swift in Sources */ = {isa = PBXBuildFile; fileRef = BE5FC77C2B7B2F0900B46891 /* StrengthTable.swift */; };
		BE676A4B2AD63E2D00E8ADD7 /* PatientSelectionView.swift in Sources */ = {isa = PBXBuildFile; fileRef = BE676A4A2AD63E2D00E8ADD7 /* PatientSelectionView.swift */; };
		BE676A4D2AD63EB800E8ADD7 /* AddPatientView.swift in Sources */ = {isa = PBXBuildFile; fileRef = BE676A4C2AD63EB800E8ADD7 /* AddPatientView.swift */; };
		BE6FC4EC2B25267500670F7D /* SideBar.swift in Sources */ = {isa = PBXBuildFile; fileRef = BE6FC4EB2B25267500670F7D /* SideBar.swift */; };
		BE72EDBB2B335719006D227C /* Patient.swift in Sources */ = {isa = PBXBuildFile; fileRef = BE72EDBA2B335719006D227C /* Patient.swift */; };
		BE72EDC02B335816006D227C /* PastChange.swift in Sources */ = {isa = PBXBuildFile; fileRef = BE72EDBF2B335816006D227C /* PastChange.swift */; };
		BE77A5A12B7D4BC300FEF6EC /* Forms.swift in Sources */ = {isa = PBXBuildFile; fileRef = BE77A5A02B7D4BC300FEF6EC /* Forms.swift */; };
		BE8E47642B3FD5230075CEEE /* HomeView.swift in Sources */ = {isa = PBXBuildFile; fileRef = BE8E47632B3FD5230075CEEE /* HomeView.swift */; };
		BE9357932B3CC2ED0058198E /* ChangeDescription.swift in Sources */ = {isa = PBXBuildFile; fileRef = BE9357922B3CC2EC0058198E /* ChangeDescription.swift */; };
		BE9EEDFC2AB6954600A0AE7D /* CopyPathsView+Extension.swift in Sources */ = {isa = PBXBuildFile; fileRef = BE9EEDFB2AB6954600A0AE7D /* CopyPathsView+Extension.swift */; };
		BE9EEE002AB69A1800A0AE7D /* MainView.swift in Sources */ = {isa = PBXBuildFile; fileRef = BE9EEDFF2AB69A1800A0AE7D /* MainView.swift */; };
		BEA6A9C92B6560B50050FB77 /* CodableValue.swift in Sources */ = {isa = PBXBuildFile; fileRef = BEA6A9C82B6560B50050FB77 /* CodableValue.swift */; };
		BEB662B82B335A750090BD87 /* MedicalRecordFile.swift in Sources */ = {isa = PBXBuildFile; fileRef = BEB662B72B335A750090BD87 /* MedicalRecordFile.swift */; };
		BEB662BA2B335B000090BD87 /* User.swift in Sources */ = {isa = PBXBuildFile; fileRef = BEB662B92B335B000090BD87 /* User.swift */; };
		BECF5D7D2B092C6A0008459C /* Utils.swift in Sources */ = {isa = PBXBuildFile; fileRef = BECF5D7C2B092C6A0008459C /* Utils.swift */; };
		BED042ED2ABC7B9700958DB9 /* Tab.swift in Sources */ = {isa = PBXBuildFile; fileRef = BED042EC2ABC7B9700958DB9 /* Tab.swift */; };
		BED25E122B7B2489004FC260 /* ComparingChanges.swift in Sources */ = {isa = PBXBuildFile; fileRef = BED25E112B7B2489004FC260 /* ComparingChanges.swift */; };
		BED25E142B7B2508004FC260 /* ParsingInputs.swift in Sources */ = {isa = PBXBuildFile; fileRef = BED25E132B7B2508004FC260 /* ParsingInputs.swift */; };
		BED25E162B7B254E004FC260 /* Changes.swift in Sources */ = {isa = PBXBuildFile; fileRef = BED25E152B7B254E004FC260 /* Changes.swift */; };
		BED25E182B7B258B004FC260 /* SectionElement.swift in Sources */ = {isa = PBXBuildFile; fileRef = BED25E172B7B258B004FC260 /* SectionElement.swift */; };
		BED25E1A2B7B25BF004FC260 /* SectionHeader.swift in Sources */ = {isa = PBXBuildFile; fileRef = BED25E192B7B25BF004FC260 /* SectionHeader.swift */; };
		BED25E1F2B7B2815004FC260 /* DetailChange.swift in Sources */ = {isa = PBXBuildFile; fileRef = BED25E1E2B7B2815004FC260 /* DetailChange.swift */; };
		BED25E212B7B2846004FC260 /* LabelValue.swift in Sources */ = {isa = PBXBuildFile; fileRef = BED25E202B7B2846004FC260 /* LabelValue.swift */; };
		BEDFE4C82B364D8A002D75FE /* FormAddView.swift in Sources */ = {isa = PBXBuildFile; fileRef = BEDFE4C72B364D8A002D75FE /* FormAddView.swift */; };
		BEE545F12B5C6E79001D84A5 /* DynamicFormView.swift in Sources */ = {isa = PBXBuildFile; fileRef = BEE545F02B5C6E79001D84A5 /* DynamicFormView.swift */; };
		BEFCBB9A2B06A5E6007DB23C /* FormEditView.swift in Sources */ = {isa = PBXBuildFile; fileRef = BEFCBB992B06A5E6007DB23C /* FormEditView.swift */; };
/* End PBXBuildFile section */

/* Begin PBXFileReference section */
		BE06844B2AE0CEF1004CABE7 /* PatientFilesListView.swift */ = {isa = PBXFileReference; lastKnownFileType = sourcecode.swift; path = PatientFilesListView.swift; sourceTree = "<group>"; };
		BE06844D2AE0D01F004CABE7 /* FileUploadButton.swift */ = {isa = PBXFileReference; lastKnownFileType = sourcecode.swift; path = FileUploadButton.swift; sourceTree = "<group>"; };
		BE0BF44A2B437ABF006FCD4F /* FileListView.swift */ = {isa = PBXFileReference; lastKnownFileType = sourcecode.swift; path = FileListView.swift; sourceTree = "<group>"; };
		BE0F07882ABE53C2004B71D5 /* ProfileView.swift */ = {isa = PBXFileReference; lastKnownFileType = sourcecode.swift; path = ProfileView.swift; sourceTree = "<group>"; };
		BE16E2032AAEB20B004052B8 /* HopeReins.app */ = {isa = PBXFileReference; explicitFileType = wrapper.application; includeInIndex = 0; path = HopeReins.app; sourceTree = BUILT_PRODUCTS_DIR; };
		BE16E2062AAEB20B004052B8 /* HopeReinsApp.swift */ = {isa = PBXFileReference; lastKnownFileType = sourcecode.swift; path = HopeReinsApp.swift; sourceTree = "<group>"; };
		BE16E2082AAEB20B004052B8 /* CopyPathsView.swift */ = {isa = PBXFileReference; lastKnownFileType = sourcecode.swift; path = CopyPathsView.swift; sourceTree = "<group>"; };
		BE16E20A2AAEB20C004052B8 /* Assets.xcassets */ = {isa = PBXFileReference; lastKnownFileType = folder.assetcatalog; path = Assets.xcassets; sourceTree = "<group>"; };
		BE16E20D2AAEB20C004052B8 /* Preview Assets.xcassets */ = {isa = PBXFileReference; lastKnownFileType = folder.assetcatalog; path = "Preview Assets.xcassets"; sourceTree = "<group>"; };
		BE16E2142AAEB20C004052B8 /* HopeReins.entitlements */ = {isa = PBXFileReference; lastKnownFileType = text.plist.entitlements; path = HopeReins.entitlements; sourceTree = "<group>"; };
		BE31DFA72B40F9C2006E4806 /* LoginView.swift */ = {isa = PBXFileReference; lastKnownFileType = sourcecode.swift; path = LoginView.swift; sourceTree = "<group>"; };
		BE31DFAA2B40F9E3006E4806 /* ProfileLoginView.swift */ = {isa = PBXFileReference; lastKnownFileType = sourcecode.swift; path = ProfileLoginView.swift; sourceTree = "<group>"; };
		BE31DFAF2B40FC47006E4806 /* SetupUsersView.swift */ = {isa = PBXFileReference; lastKnownFileType = sourcecode.swift; path = SetupUsersView.swift; sourceTree = "<group>"; };
		BE3D070B2B0A6A0F00953754 /* PatientFilesSearch.swift */ = {isa = PBXFileReference; lastKnownFileType = sourcecode.swift; path = PatientFilesSearch.swift; sourceTree = "<group>"; };
		BE3D070D2B0A700B00953754 /* PatientSearch.swift */ = {isa = PBXFileReference; lastKnownFileType = sourcecode.swift; path = PatientSearch.swift; sourceTree = "<group>"; };
		BE4697FC2B6DD678001E2E39 /* PastChangeSelectionView.swift */ = {isa = PBXFileReference; lastKnownFileType = sourcecode.swift; path = PastChangeSelectionView.swift; sourceTree = "<group>"; };
		BE4697FE2B6DD69D001E2E39 /* ReviewChangesView.swift */ = {isa = PBXFileReference; lastKnownFileType = sourcecode.swift; path = ReviewChangesView.swift; sourceTree = "<group>"; };
		BE4698002B6DD6D4001E2E39 /* InstructorsMenu.swift */ = {isa = PBXFileReference; lastKnownFileType = sourcecode.swift; path = InstructorsMenu.swift; sourceTree = "<group>"; };
		BE4698022B6DD723001E2E39 /* DynamicUIElement.swift */ = {isa = PBXFileReference; lastKnownFileType = sourcecode.swift; path = DynamicUIElement.swift; sourceTree = "<group>"; };
		BE4D901A2AD2EE3000948BA3 /* PatientsView.swift */ = {isa = PBXFileReference; lastKnownFileType = sourcecode.swift; path = PatientsView.swift; sourceTree = "<group>"; };
		BE5FC74B2B7B2AF700B46891 /* RidingFormType.swift */ = {isa = PBXFileReference; lastKnownFileType = sourcecode.swift; path = RidingFormType.swift; sourceTree = "<group>"; };
		BE5FC74D2B7B2B1400B46891 /* PhysicalTherabyFormType.swift */ = {isa = PBXFileReference; lastKnownFileType = sourcecode.swift; path = PhysicalTherabyFormType.swift; sourceTree = "<group>"; };
		BE5FC74F2B7B2B6D00B46891 /* FileModification.swift */ = {isa = PBXFileReference; lastKnownFileType = sourcecode.swift; path = FileModification.swift; sourceTree = "<group>"; };
		BE5FC7512B7B2B8A00B46891 /* FormSectionContent.swift */ = {isa = PBXFileReference; lastKnownFileType = sourcecode.swift; path = FormSectionContent.swift; sourceTree = "<group>"; };
		BE5FC7532B7B2BA200B46891 /* OriginalValueView.swift */ = {isa = PBXFileReference; lastKnownFileType = sourcecode.swift; path = OriginalValueView.swift; sourceTree = "<group>"; };
		BE5FC7572B7B2BDF00B46891 /* UIManagement.swift */ = {isa = PBXFileReference; lastKnownFileType = sourcecode.swift; path = UIManagement.swift; sourceTree = "<group>"; };
		BE5FC7602B7B2CC200B46891 /* BasicTextField.swift */ = {isa = PBXFileReference; lastKnownFileType = sourcecode.swift; path = BasicTextField.swift; sourceTree = "<group>"; };
		BE5FC7622B7B2CE600B46891 /* DateSelection.swift */ = {isa = PBXFileReference; lastKnownFileType = sourcecode.swift; path = DateSelection.swift; sourceTree = "<group>"; };
		BE5FC7642B7B2D2600B46891 /* PhyisicalTherabyFillIn.swift */ = {isa = PBXFileReference; lastKnownFileType = sourcecode.swift; path = PhyisicalTherabyFillIn.swift; sourceTree = "<group>"; };
		BE5FC7662B7B2D4600B46891 /* RevalFillIn.swift */ = {isa = PBXFileReference; lastKnownFileType = sourcecode.swift; path = RevalFillIn.swift; sourceTree = "<group>"; };
		BE5FC7682B7B2D7F00B46891 /* DailyNoteFillIn.swift */ = {isa = PBXFileReference; lastKnownFileType = sourcecode.swift; path = DailyNoteFillIn.swift; sourceTree = "<group>"; };
		BE5FC76E2B7B2E0900B46891 /* MultiSelectOthers.swift */ = {isa = PBXFileReference; lastKnownFileType = sourcecode.swift; path = MultiSelectOthers.swift; sourceTree = "<group>"; };
		BE5FC7702B7B2E2500B46891 /* MultiSelectWithTitle.swift */ = {isa = PBXFileReference; lastKnownFileType = sourcecode.swift; path = MultiSelectWithTitle.swift; sourceTree = "<group>"; };
		BE5FC7722B7B2E4500B46891 /* SingleSelectLastDescription.swift */ = {isa = PBXFileReference; lastKnownFileType = sourcecode.swift; path = SingleSelectLastDescription.swift; sourceTree = "<group>"; };
		BE5FC7762B7B2ECB00B46891 /* DegreeField.swift */ = {isa = PBXFileReference; lastKnownFileType = sourcecode.swift; path = DegreeField.swift; sourceTree = "<group>"; };
		BE5FC7782B7B2EDE00B46891 /* RestrictedNumberField.swift */ = {isa = PBXFileReference; lastKnownFileType = sourcecode.swift; path = RestrictedNumberField.swift; sourceTree = "<group>"; };
		BE5FC77A2B7B2EF500B46891 /* DailyNoteTable.swift */ = {isa = PBXFileReference; lastKnownFileType = sourcecode.swift; path = DailyNoteTable.swift; sourceTree = "<group>"; };
		BE5FC77C2B7B2F0900B46891 /* StrengthTable.swift */ = {isa = PBXFileReference; lastKnownFileType = sourcecode.swift; path = StrengthTable.swift; sourceTree = "<group>"; };
		BE676A4A2AD63E2D00E8ADD7 /* PatientSelectionView.swift */ = {isa = PBXFileReference; lastKnownFileType = sourcecode.swift; path = PatientSelectionView.swift; sourceTree = "<group>"; };
		BE676A4C2AD63EB800E8ADD7 /* AddPatientView.swift */ = {isa = PBXFileReference; lastKnownFileType = sourcecode.swift; path = AddPatientView.swift; sourceTree = "<group>"; };
		BE6FC4EB2B25267500670F7D /* SideBar.swift */ = {isa = PBXFileReference; lastKnownFileType = sourcecode.swift; name = SideBar.swift; path = ../SideBar.swift; sourceTree = "<group>"; };
		BE72EDBA2B335719006D227C /* Patient.swift */ = {isa = PBXFileReference; lastKnownFileType = sourcecode.swift; path = Patient.swift; sourceTree = "<group>"; };
		BE72EDBF2B335816006D227C /* PastChange.swift */ = {isa = PBXFileReference; lastKnownFileType = sourcecode.swift; path = PastChange.swift; sourceTree = "<group>"; };
		BE77A5A02B7D4BC300FEF6EC /* Forms.swift */ = {isa = PBXFileReference; lastKnownFileType = sourcecode.swift; path = Forms.swift; sourceTree = "<group>"; };
		BE8E47632B3FD5230075CEEE /* HomeView.swift */ = {isa = PBXFileReference; lastKnownFileType = sourcecode.swift; path = HomeView.swift; sourceTree = "<group>"; };
		BE9357922B3CC2EC0058198E /* ChangeDescription.swift */ = {isa = PBXFileReference; lastKnownFileType = sourcecode.swift; path = ChangeDescription.swift; sourceTree = "<group>"; };
		BE9EEDFB2AB6954600A0AE7D /* CopyPathsView+Extension.swift */ = {isa = PBXFileReference; lastKnownFileType = sourcecode.swift; path = "CopyPathsView+Extension.swift"; sourceTree = "<group>"; };
		BE9EEDFF2AB69A1800A0AE7D /* MainView.swift */ = {isa = PBXFileReference; lastKnownFileType = sourcecode.swift; path = MainView.swift; sourceTree = "<group>"; };
		BEA6A9C82B6560B50050FB77 /* CodableValue.swift */ = {isa = PBXFileReference; lastKnownFileType = sourcecode.swift; path = CodableValue.swift; sourceTree = "<group>"; };
		BEB662B72B335A750090BD87 /* MedicalRecordFile.swift */ = {isa = PBXFileReference; lastKnownFileType = sourcecode.swift; path = MedicalRecordFile.swift; sourceTree = "<group>"; };
		BEB662B92B335B000090BD87 /* User.swift */ = {isa = PBXFileReference; lastKnownFileType = sourcecode.swift; path = User.swift; sourceTree = "<group>"; };
		BECF5D7C2B092C6A0008459C /* Utils.swift */ = {isa = PBXFileReference; lastKnownFileType = sourcecode.swift; path = Utils.swift; sourceTree = "<group>"; };
		BED042EC2ABC7B9700958DB9 /* Tab.swift */ = {isa = PBXFileReference; lastKnownFileType = sourcecode.swift; path = Tab.swift; sourceTree = "<group>"; };
		BED25E112B7B2489004FC260 /* ComparingChanges.swift */ = {isa = PBXFileReference; lastKnownFileType = sourcecode.swift; path = ComparingChanges.swift; sourceTree = "<group>"; };
		BED25E132B7B2508004FC260 /* ParsingInputs.swift */ = {isa = PBXFileReference; lastKnownFileType = sourcecode.swift; path = ParsingInputs.swift; sourceTree = "<group>"; };
		BED25E152B7B254E004FC260 /* Changes.swift */ = {isa = PBXFileReference; lastKnownFileType = sourcecode.swift; path = Changes.swift; sourceTree = "<group>"; };
		BED25E172B7B258B004FC260 /* SectionElement.swift */ = {isa = PBXFileReference; lastKnownFileType = sourcecode.swift; path = SectionElement.swift; sourceTree = "<group>"; };
		BED25E192B7B25BF004FC260 /* SectionHeader.swift */ = {isa = PBXFileReference; lastKnownFileType = sourcecode.swift; path = SectionHeader.swift; sourceTree = "<group>"; };
		BED25E1E2B7B2815004FC260 /* DetailChange.swift */ = {isa = PBXFileReference; lastKnownFileType = sourcecode.swift; path = DetailChange.swift; sourceTree = "<group>"; };
		BED25E202B7B2846004FC260 /* LabelValue.swift */ = {isa = PBXFileReference; lastKnownFileType = sourcecode.swift; path = LabelValue.swift; sourceTree = "<group>"; };
		BEDFE4C72B364D8A002D75FE /* FormAddView.swift */ = {isa = PBXFileReference; fileEncoding = 4; lastKnownFileType = sourcecode.swift; path = FormAddView.swift; sourceTree = "<group>"; };
		BEE545F02B5C6E79001D84A5 /* DynamicFormView.swift */ = {isa = PBXFileReference; lastKnownFileType = sourcecode.swift; path = DynamicFormView.swift; sourceTree = "<group>"; };
		BEFCBB992B06A5E6007DB23C /* FormEditView.swift */ = {isa = PBXFileReference; lastKnownFileType = sourcecode.swift; path = FormEditView.swift; sourceTree = "<group>"; };
/* End PBXFileReference section */

/* Begin PBXFrameworksBuildPhase section */
		BE16E2002AAEB20B004052B8 /* Frameworks */ = {
			isa = PBXFrameworksBuildPhase;
			buildActionMask = 2147483647;
			files = (
			);
			runOnlyForDeploymentPostprocessing = 0;
		};
/* End PBXFrameworksBuildPhase section */

/* Begin PBXGroup section */
		BE0F078A2ABE53D0004B71D5 /* Profile */ = {
			isa = PBXGroup;
			children = (
				BE0F078B2ABE53E1004B71D5 /* CoreDataManagement */,
				BE0F07882ABE53C2004B71D5 /* ProfileView.swift */,
			);
			path = Profile;
			sourceTree = "<group>";
		};
		BE0F078B2ABE53E1004B71D5 /* CoreDataManagement */ = {
			isa = PBXGroup;
			children = (
				BE9EEDFB2AB6954600A0AE7D /* CopyPathsView+Extension.swift */,
				BE16E2082AAEB20B004052B8 /* CopyPathsView.swift */,
			);
			path = CoreDataManagement;
			sourceTree = "<group>";
		};
		BE0F28A72AECA517006285C5 /* Add */ = {
			isa = PBXGroup;
			children = (
				BEDFE4C72B364D8A002D75FE /* FormAddView.swift */,
			);
			path = Add;
			sourceTree = "<group>";
		};
		BE16E1FA2AAEB20B004052B8 = {
			isa = PBXGroup;
			children = (
				BE16E2052AAEB20B004052B8 /* HopeReins */,
				BE16E2042AAEB20B004052B8 /* Products */,
			);
			sourceTree = "<group>";
		};
		BE16E2042AAEB20B004052B8 /* Products */ = {
			isa = PBXGroup;
			children = (
				BE16E2032AAEB20B004052B8 /* HopeReins.app */,
			);
			name = Products;
			sourceTree = "<group>";
		};
		BE16E2052AAEB20B004052B8 /* HopeReins */ = {
			isa = PBXGroup;
			children = (
				BE8E47652B3FD61F0075CEEE /* Auth */,
				BE16E2062AAEB20B004052B8 /* HopeReinsApp.swift */,
				BE72EDBC2B335759006D227C /* Models */,
				BE676A4F2AD63EE800E8ADD7 /* Utils */,
				BED042EC2ABC7B9700958DB9 /* Tab.swift */,
				BE9EEDFF2AB69A1800A0AE7D /* MainView.swift */,
				BE8E47632B3FD5230075CEEE /* HomeView.swift */,
				BE676A4E2AD63ED700E8ADD7 /* Patients */,
				BE0F078A2ABE53D0004B71D5 /* Profile */,
				BE89F25D2ABE5BAB0057CA20 /* Entry */,
				BE16E20A2AAEB20C004052B8 /* Assets.xcassets */,
				BE16E2142AAEB20C004052B8 /* HopeReins.entitlements */,
				BE16E20C2AAEB20C004052B8 /* Preview Content */,
			);
			path = HopeReins;
			sourceTree = "<group>";
		};
		BE16E20C2AAEB20C004052B8 /* Preview Content */ = {
			isa = PBXGroup;
			children = (
				BE16E20D2AAEB20C004052B8 /* Preview Assets.xcassets */,
			);
			path = "Preview Content";
			sourceTree = "<group>";
		};
		BE31DFA92B40F9D4006E4806 /* Login */ = {
			isa = PBXGroup;
			children = (
				BE31DFA72B40F9C2006E4806 /* LoginView.swift */,
				BE31DFAA2B40F9E3006E4806 /* ProfileLoginView.swift */,
			);
			path = Login;
			sourceTree = "<group>";
		};
		BE5FC74A2B7B2AEA00B46891 /* FileEnums */ = {
			isa = PBXGroup;
			children = (
				BE5FC74B2B7B2AF700B46891 /* RidingFormType.swift */,
				BE5FC74D2B7B2B1400B46891 /* PhysicalTherabyFormType.swift */,
			);
			path = FileEnums;
			sourceTree = "<group>";
		};
		BE5FC7562B7B2BCF00B46891 /* Manager */ = {
			isa = PBXGroup;
			children = (
				BE5FC7572B7B2BDF00B46891 /* UIManagement.swift */,
				BE77A5A02B7D4BC300FEF6EC /* Forms.swift */,
			);
			name = Manager;
			sourceTree = "<group>";
		};
		BE5FC75A2B7B2C0E00B46891 /* ViewChanges */ = {
			isa = PBXGroup;
			children = (
				BE5FC7532B7B2BA200B46891 /* OriginalValueView.swift */,
				BE4697FE2B6DD69D001E2E39 /* ReviewChangesView.swift */,
				BE4697FC2B6DD678001E2E39 /* PastChangeSelectionView.swift */,
			);
			name = ViewChanges;
			sourceTree = "<group>";
		};
		BE5FC75D2B7B2C3900B46891 /* Section */ = {
			isa = PBXGroup;
			children = (
				BE5FC7512B7B2B8A00B46891 /* FormSectionContent.swift */,
				BED25E192B7B25BF004FC260 /* SectionHeader.swift */,
				BED25E172B7B258B004FC260 /* SectionElement.swift */,
			);
			name = Section;
			sourceTree = "<group>";
		};
		BE5FC75E2B7B2C5F00B46891 /* UIFoundation */ = {
			isa = PBXGroup;
			children = (
				BE5FC75F2B7B2C6D00B46891 /* UIElements */,
			);
			name = UIFoundation;
			sourceTree = "<group>";
		};
		BE5FC75F2B7B2C6D00B46891 /* UIElements */ = {
			isa = PBXGroup;
			children = (
				BE5FC7742B7B2EAC00B46891 /* Tables */,
				BE5FC76D2B7B2DFB00B46891 /* Toggles */,
				BE5FC76B2B7B2DB000B46891 /* FillIns */,
				BE5FC76C2B7B2DC600B46891 /* BasicFields */,
				BE4698002B6DD6D4001E2E39 /* InstructorsMenu.swift */,
				BE06844D2AE0D01F004CABE7 /* FileUploadButton.swift */,
			);
			name = UIElements;
			sourceTree = "<group>";
		};
		BE5FC76B2B7B2DB000B46891 /* FillIns */ = {
			isa = PBXGroup;
			children = (
				BE5FC7642B7B2D2600B46891 /* PhyisicalTherabyFillIn.swift */,
				BE5FC7662B7B2D4600B46891 /* RevalFillIn.swift */,
				BE5FC7682B7B2D7F00B46891 /* DailyNoteFillIn.swift */,
			);
			name = FillIns;
			sourceTree = "<group>";
		};
		BE5FC76C2B7B2DC600B46891 /* BasicFields */ = {
			isa = PBXGroup;
			children = (
				BE5FC7622B7B2CE600B46891 /* DateSelection.swift */,
				BE5FC7602B7B2CC200B46891 /* BasicTextField.swift */,
			);
			name = BasicFields;
			sourceTree = "<group>";
		};
		BE5FC76D2B7B2DFB00B46891 /* Toggles */ = {
			isa = PBXGroup;
			children = (
				BE5FC76E2B7B2E0900B46891 /* MultiSelectOthers.swift */,
				BE5FC7702B7B2E2500B46891 /* MultiSelectWithTitle.swift */,
				BE5FC7722B7B2E4500B46891 /* SingleSelectLastDescription.swift */,
			);
			name = Toggles;
			sourceTree = "<group>";
		};
		BE5FC7742B7B2EAC00B46891 /* Tables */ = {
			isa = PBXGroup;
			children = (
				BE5FC7752B7B2EB400B46891 /* Fields */,
				BE5FC77A2B7B2EF500B46891 /* DailyNoteTable.swift */,
				BE5FC77C2B7B2F0900B46891 /* StrengthTable.swift */,
			);
			name = Tables;
			sourceTree = "<group>";
		};
		BE5FC7752B7B2EB400B46891 /* Fields */ = {
			isa = PBXGroup;
			children = (
				BE5FC7762B7B2ECB00B46891 /* DegreeField.swift */,
				BE5FC7782B7B2EDE00B46891 /* RestrictedNumberField.swift */,
			);
			name = Fields;
			sourceTree = "<group>";
		};
		BE676A4E2AD63ED700E8ADD7 /* Patients */ = {
			isa = PBXGroup;
			children = (
				BECF5D772B092BFA0008459C /* FilesListView */,
				BE676A4C2AD63EB800E8ADD7 /* AddPatientView.swift */,
				BE4D901A2AD2EE3000948BA3 /* PatientsView.swift */,
				BE3D070D2B0A700B00953754 /* PatientSearch.swift */,
				BE0F28A72AECA517006285C5 /* Add */,
			);
			path = Patients;
			sourceTree = "<group>";
		};
		BE676A4F2AD63EE800E8ADD7 /* Utils */ = {
			isa = PBXGroup;
			children = (
				BE6FC4EB2B25267500670F7D /* SideBar.swift */,
				BE676A4A2AD63E2D00E8ADD7 /* PatientSelectionView.swift */,
			);
			path = Utils;
			sourceTree = "<group>";
		};
		BE72EDBC2B335759006D227C /* Models */ = {
			isa = PBXGroup;
			children = (
				BED25E1B2B7B27AA004FC260 /* File */,
				BEA6A9C82B6560B50050FB77 /* CodableValue.swift */,
				BEB662B92B335B000090BD87 /* User.swift */,
				BE72EDBA2B335719006D227C /* Patient.swift */,
				BE72EDBF2B335816006D227C /* PastChange.swift */,
			);
			path = Models;
			sourceTree = "<group>";
		};
		BE89F25D2ABE5BAB0057CA20 /* Entry */ = {
			isa = PBXGroup;
			children = (
				BE4698022B6DD723001E2E39 /* DynamicUIElement.swift */,
				BE981CF22B5836B1003B9B77 /* FormEntry */,
			);
			path = Entry;
			sourceTree = "<group>";
		};
		BE8E47652B3FD61F0075CEEE /* Auth */ = {
			isa = PBXGroup;
			children = (
				BE31DFA92B40F9D4006E4806 /* Login */,
				BE31DFAF2B40FC47006E4806 /* SetupUsersView.swift */,
			);
			path = Auth;
			sourceTree = "<group>";
		};
		BE981CF22B5836B1003B9B77 /* FormEntry */ = {
			isa = PBXGroup;
			children = (
				BE5FC75E2B7B2C5F00B46891 /* UIFoundation */,
				BE5FC75D2B7B2C3900B46891 /* Section */,
				BE5FC75A2B7B2C0E00B46891 /* ViewChanges */,
				BE5FC7562B7B2BCF00B46891 /* Manager */,
				BE5FC74A2B7B2AEA00B46891 /* FileEnums */,
				BEE545F02B5C6E79001D84A5 /* DynamicFormView.swift */,
			);
			path = FormEntry;
			sourceTree = "<group>";
		};
		BECF5D772B092BFA0008459C /* FilesListView */ = {
			isa = PBXGroup;
			children = (
				BE0BF44A2B437ABF006FCD4F /* FileListView.swift */,
				BE3D070B2B0A6A0F00953754 /* PatientFilesSearch.swift */,
				BE06844B2AE0CEF1004CABE7 /* PatientFilesListView.swift */,
				BEE4EEE82B07F1ED00F77601 /* EditView */,
				BECF5D7C2B092C6A0008459C /* Utils.swift */,
			);
			path = FilesListView;
			sourceTree = "<group>";
		};
		BED25E1B2B7B27AA004FC260 /* File */ = {
			isa = PBXGroup;
			children = (
				BED25E1C2B7B27B8004FC260 /* ManagingFile */,
				BEB662B72B335A750090BD87 /* MedicalRecordFile.swift */,
			);
			path = File;
			sourceTree = "<group>";
		};
		BED25E1C2B7B27B8004FC260 /* ManagingFile */ = {
			isa = PBXGroup;
			children = (
				BED25E132B7B2508004FC260 /* ParsingInputs.swift */,
				BED25E112B7B2489004FC260 /* ComparingChanges.swift */,
				BED25E152B7B254E004FC260 /* Changes.swift */,
				BED25E1D2B7B27E8004FC260 /* Models */,
			);
			path = ManagingFile;
			sourceTree = "<group>";
		};
		BED25E1D2B7B27E8004FC260 /* Models */ = {
			isa = PBXGroup;
			children = (
				BE9357922B3CC2EC0058198E /* ChangeDescription.swift */,
				BED25E1E2B7B2815004FC260 /* DetailChange.swift */,
				BED25E202B7B2846004FC260 /* LabelValue.swift */,
				BE5FC74F2B7B2B6D00B46891 /* FileModification.swift */,
			);
			path = Models;
			sourceTree = "<group>";
		};
		BEE4EEE82B07F1ED00F77601 /* EditView */ = {
			isa = PBXGroup;
			children = (
				BEFCBB992B06A5E6007DB23C /* FormEditView.swift */,
			);
			path = EditView;
			sourceTree = "<group>";
		};
/* End PBXGroup section */

/* Begin PBXNativeTarget section */
		BE16E2022AAEB20B004052B8 /* HopeReins */ = {
			isa = PBXNativeTarget;
			buildConfigurationList = BE16E2172AAEB20C004052B8 /* Build configuration list for PBXNativeTarget "HopeReins" */;
			buildPhases = (
				BE16E1FF2AAEB20B004052B8 /* Sources */,
				BE16E2002AAEB20B004052B8 /* Frameworks */,
				BE16E2012AAEB20B004052B8 /* Resources */,
			);
			buildRules = (
			);
			dependencies = (
			);
			name = HopeReins;
			productName = HopeReins;
			productReference = BE16E2032AAEB20B004052B8 /* HopeReins.app */;
			productType = "com.apple.product-type.application";
		};
/* End PBXNativeTarget section */

/* Begin PBXProject section */
		BE16E1FB2AAEB20B004052B8 /* Project object */ = {
			isa = PBXProject;
			attributes = {
				BuildIndependentTargetsInParallel = 1;
				LastSwiftUpdateCheck = 1430;
				LastUpgradeCheck = 1500;
				TargetAttributes = {
					BE16E2022AAEB20B004052B8 = {
						CreatedOnToolsVersion = 14.3.1;
					};
				};
			};
			buildConfigurationList = BE16E1FE2AAEB20B004052B8 /* Build configuration list for PBXProject "HopeReins" */;
			compatibilityVersion = "Xcode 14.0";
			developmentRegion = en;
			hasScannedForEncodings = 0;
			knownRegions = (
				en,
				Base,
			);
			mainGroup = BE16E1FA2AAEB20B004052B8;
			productRefGroup = BE16E2042AAEB20B004052B8 /* Products */;
			projectDirPath = "";
			projectRoot = "";
			targets = (
				BE16E2022AAEB20B004052B8 /* HopeReins */,
			);
		};
/* End PBXProject section */

/* Begin PBXResourcesBuildPhase section */
		BE16E2012AAEB20B004052B8 /* Resources */ = {
			isa = PBXResourcesBuildPhase;
			buildActionMask = 2147483647;
			files = (
				BE16E20E2AAEB20C004052B8 /* Preview Assets.xcassets in Resources */,
				BE16E20B2AAEB20C004052B8 /* Assets.xcassets in Resources */,
			);
			runOnlyForDeploymentPostprocessing = 0;
		};
/* End PBXResourcesBuildPhase section */

/* Begin PBXSourcesBuildPhase section */
		BE16E1FF2AAEB20B004052B8 /* Sources */ = {
			isa = PBXSourcesBuildPhase;
			buildActionMask = 2147483647;
			files = (
				BE5FC7612B7B2CC200B46891 /* BasicTextField.swift in Sources */,
				BE0F07892ABE53C2004B71D5 /* ProfileView.swift in Sources */,
				BE5FC7632B7B2CE600B46891 /* DateSelection.swift in Sources */,
				BE5FC7692B7B2D7F00B46891 /* DailyNoteFillIn.swift in Sources */,
				BE5FC77D2B7B2F0900B46891 /* StrengthTable.swift in Sources */,
				BED25E142B7B2508004FC260 /* ParsingInputs.swift in Sources */,
				BE3D070C2B0A6A0F00953754 /* PatientFilesSearch.swift in Sources */,
				BE5FC7732B7B2E4500B46891 /* SingleSelectLastDescription.swift in Sources */,
				BE4698012B6DD6D4001E2E39 /* InstructorsMenu.swift in Sources */,
				BE5FC7652B7B2D2600B46891 /* PhyisicalTherabyFillIn.swift in Sources */,
				BE31DFAB2B40F9E3006E4806 /* ProfileLoginView.swift in Sources */,
				BE676A4B2AD63E2D00E8ADD7 /* PatientSelectionView.swift in Sources */,
				BE72EDBB2B335719006D227C /* Patient.swift in Sources */,
				BE5FC7772B7B2ECB00B46891 /* DegreeField.swift in Sources */,
				BED25E122B7B2489004FC260 /* ComparingChanges.swift in Sources */,
				BED25E1A2B7B25BF004FC260 /* SectionHeader.swift in Sources */,
				BE4D901B2AD2EE3000948BA3 /* PatientsView.swift in Sources */,
				BE4697FD2B6DD678001E2E39 /* PastChangeSelectionView.swift in Sources */,
				BE5FC74C2B7B2AF700B46891 /* RidingFormType.swift in Sources */,
				BE5FC7792B7B2EDE00B46891 /* RestrictedNumberField.swift in Sources */,
				BE77A5A12B7D4BC300FEF6EC /* Forms.swift in Sources */,
				BE9EEE002AB69A1800A0AE7D /* MainView.swift in Sources */,
				BE31DFB02B40FC47006E4806 /* SetupUsersView.swift in Sources */,
				BEE545F12B5C6E79001D84A5 /* DynamicFormView.swift in Sources */,
				BEDFE4C82B364D8A002D75FE /* FormAddView.swift in Sources */,
				BEB662BA2B335B000090BD87 /* User.swift in Sources */,
				BE676A4D2AD63EB800E8ADD7 /* AddPatientView.swift in Sources */,
				BE5FC7522B7B2B8A00B46891 /* FormSectionContent.swift in Sources */,
				BEFCBB9A2B06A5E6007DB23C /* FormEditView.swift in Sources */,
				BE5FC7672B7B2D4600B46891 /* RevalFillIn.swift in Sources */,
				BE9EEDFC2AB6954600A0AE7D /* CopyPathsView+Extension.swift in Sources */,
				BE3D070E2B0A700B00953754 /* PatientSearch.swift in Sources */,
				BED25E212B7B2846004FC260 /* LabelValue.swift in Sources */,
				BED042ED2ABC7B9700958DB9 /* Tab.swift in Sources */,
				BED25E1F2B7B2815004FC260 /* DetailChange.swift in Sources */,
				BE06844C2AE0CEF1004CABE7 /* PatientFilesListView.swift in Sources */,
				BEA6A9C92B6560B50050FB77 /* CodableValue.swift in Sources */,
				BE4698032B6DD723001E2E39 /* DynamicUIElement.swift in Sources */,
				BE16E2092AAEB20B004052B8 /* CopyPathsView.swift in Sources */,
				BECF5D7D2B092C6A0008459C /* Utils.swift in Sources */,
				BE0BF44B2B437ABF006FCD4F /* FileListView.swift in Sources */,
				BED25E162B7B254E004FC260 /* Changes.swift in Sources */,
				BE4697FF2B6DD69D001E2E39 /* ReviewChangesView.swift in Sources */,
				BE5FC7502B7B2B6D00B46891 /* FileModification.swift in Sources */,
				BED25E182B7B258B004FC260 /* SectionElement.swift in Sources */,
				BE16E2072AAEB20B004052B8 /* HopeReinsApp.swift in Sources */,
				BE06844E2AE0D01F004CABE7 /* FileUploadButton.swift in Sources */,
				BE31DFA82B40F9C2006E4806 /* LoginView.swift in Sources */,
				BE5FC76F2B7B2E0900B46891 /* MultiSelectOthers.swift in Sources */,
				BE5FC7582B7B2BDF00B46891 /* UIManagement.swift in Sources */,
				BE5FC7542B7B2BA200B46891 /* OriginalValueView.swift in Sources */,
				BE72EDC02B335816006D227C /* PastChange.swift in Sources */,
				BE6FC4EC2B25267500670F7D /* SideBar.swift in Sources */,
				BE5FC7712B7B2E2500B46891 /* MultiSelectWithTitle.swift in Sources */,
				BE5FC77B2B7B2EF500B46891 /* DailyNoteTable.swift in Sources */,
				BEB662B82B335A750090BD87 /* MedicalRecordFile.swift in Sources */,
				BE9357932B3CC2ED0058198E /* ChangeDescription.swift in Sources */,
				BE5FC74E2B7B2B1400B46891 /* PhysicalTherabyFormType.swift in Sources */,
				BE8E47642B3FD5230075CEEE /* HomeView.swift in Sources */,
			);
			runOnlyForDeploymentPostprocessing = 0;
		};
/* End PBXSourcesBuildPhase section */

/* Begin XCBuildConfiguration section */
		BE16E2152AAEB20C004052B8 /* Debug */ = {
			isa = XCBuildConfiguration;
			buildSettings = {
				ALWAYS_SEARCH_USER_PATHS = NO;
				CLANG_ANALYZER_NONNULL = YES;
				CLANG_ANALYZER_NUMBER_OBJECT_CONVERSION = YES_AGGRESSIVE;
				CLANG_CXX_LANGUAGE_STANDARD = "gnu++20";
				CLANG_ENABLE_MODULES = YES;
				CLANG_ENABLE_OBJC_ARC = YES;
				CLANG_ENABLE_OBJC_WEAK = YES;
				CLANG_WARN_BLOCK_CAPTURE_AUTORELEASING = YES;
				CLANG_WARN_BOOL_CONVERSION = YES;
				CLANG_WARN_COMMA = YES;
				CLANG_WARN_CONSTANT_CONVERSION = YES;
				CLANG_WARN_DEPRECATED_OBJC_IMPLEMENTATIONS = YES;
				CLANG_WARN_DIRECT_OBJC_ISA_USAGE = YES_ERROR;
				CLANG_WARN_DOCUMENTATION_COMMENTS = YES;
				CLANG_WARN_EMPTY_BODY = YES;
				CLANG_WARN_ENUM_CONVERSION = YES;
				CLANG_WARN_INFINITE_RECURSION = YES;
				CLANG_WARN_INT_CONVERSION = YES;
				CLANG_WARN_NON_LITERAL_NULL_CONVERSION = YES;
				CLANG_WARN_OBJC_IMPLICIT_RETAIN_SELF = YES;
				CLANG_WARN_OBJC_LITERAL_CONVERSION = YES;
				CLANG_WARN_OBJC_ROOT_CLASS = YES_ERROR;
				CLANG_WARN_QUOTED_INCLUDE_IN_FRAMEWORK_HEADER = YES;
				CLANG_WARN_RANGE_LOOP_ANALYSIS = YES;
				CLANG_WARN_STRICT_PROTOTYPES = YES;
				CLANG_WARN_SUSPICIOUS_MOVE = YES;
				CLANG_WARN_UNGUARDED_AVAILABILITY = YES_AGGRESSIVE;
				CLANG_WARN_UNREACHABLE_CODE = YES;
				CLANG_WARN__DUPLICATE_METHOD_MATCH = YES;
				COPY_PHASE_STRIP = NO;
				DEAD_CODE_STRIPPING = YES;
				DEBUG_INFORMATION_FORMAT = dwarf;
				ENABLE_STRICT_OBJC_MSGSEND = YES;
				ENABLE_TESTABILITY = YES;
				ENABLE_USER_SCRIPT_SANDBOXING = YES;
				GCC_C_LANGUAGE_STANDARD = gnu11;
				GCC_DYNAMIC_NO_PIC = NO;
				GCC_NO_COMMON_BLOCKS = YES;
				GCC_OPTIMIZATION_LEVEL = 0;
				GCC_PREPROCESSOR_DEFINITIONS = (
					"DEBUG=1",
					"$(inherited)",
				);
				GCC_WARN_64_TO_32_BIT_CONVERSION = YES;
				GCC_WARN_ABOUT_RETURN_TYPE = YES_ERROR;
				GCC_WARN_UNDECLARED_SELECTOR = YES;
				GCC_WARN_UNINITIALIZED_AUTOS = YES_AGGRESSIVE;
				GCC_WARN_UNUSED_FUNCTION = YES;
				GCC_WARN_UNUSED_VARIABLE = YES;
				MACOSX_DEPLOYMENT_TARGET = 13.3;
				MTL_ENABLE_DEBUG_INFO = INCLUDE_SOURCE;
				MTL_FAST_MATH = YES;
				ONLY_ACTIVE_ARCH = YES;
				SDKROOT = macosx;
				SWIFT_ACTIVE_COMPILATION_CONDITIONS = DEBUG;
				SWIFT_OPTIMIZATION_LEVEL = "-Onone";
			};
			name = Debug;
		};
		BE16E2162AAEB20C004052B8 /* Release */ = {
			isa = XCBuildConfiguration;
			buildSettings = {
				ALWAYS_SEARCH_USER_PATHS = NO;
				CLANG_ANALYZER_NONNULL = YES;
				CLANG_ANALYZER_NUMBER_OBJECT_CONVERSION = YES_AGGRESSIVE;
				CLANG_CXX_LANGUAGE_STANDARD = "gnu++20";
				CLANG_ENABLE_MODULES = YES;
				CLANG_ENABLE_OBJC_ARC = YES;
				CLANG_ENABLE_OBJC_WEAK = YES;
				CLANG_WARN_BLOCK_CAPTURE_AUTORELEASING = YES;
				CLANG_WARN_BOOL_CONVERSION = YES;
				CLANG_WARN_COMMA = YES;
				CLANG_WARN_CONSTANT_CONVERSION = YES;
				CLANG_WARN_DEPRECATED_OBJC_IMPLEMENTATIONS = YES;
				CLANG_WARN_DIRECT_OBJC_ISA_USAGE = YES_ERROR;
				CLANG_WARN_DOCUMENTATION_COMMENTS = YES;
				CLANG_WARN_EMPTY_BODY = YES;
				CLANG_WARN_ENUM_CONVERSION = YES;
				CLANG_WARN_INFINITE_RECURSION = YES;
				CLANG_WARN_INT_CONVERSION = YES;
				CLANG_WARN_NON_LITERAL_NULL_CONVERSION = YES;
				CLANG_WARN_OBJC_IMPLICIT_RETAIN_SELF = YES;
				CLANG_WARN_OBJC_LITERAL_CONVERSION = YES;
				CLANG_WARN_OBJC_ROOT_CLASS = YES_ERROR;
				CLANG_WARN_QUOTED_INCLUDE_IN_FRAMEWORK_HEADER = YES;
				CLANG_WARN_RANGE_LOOP_ANALYSIS = YES;
				CLANG_WARN_STRICT_PROTOTYPES = YES;
				CLANG_WARN_SUSPICIOUS_MOVE = YES;
				CLANG_WARN_UNGUARDED_AVAILABILITY = YES_AGGRESSIVE;
				CLANG_WARN_UNREACHABLE_CODE = YES;
				CLANG_WARN__DUPLICATE_METHOD_MATCH = YES;
				COPY_PHASE_STRIP = NO;
				DEAD_CODE_STRIPPING = YES;
				DEBUG_INFORMATION_FORMAT = "dwarf-with-dsym";
				ENABLE_NS_ASSERTIONS = NO;
				ENABLE_STRICT_OBJC_MSGSEND = YES;
				ENABLE_USER_SCRIPT_SANDBOXING = YES;
				GCC_C_LANGUAGE_STANDARD = gnu11;
				GCC_NO_COMMON_BLOCKS = YES;
				GCC_WARN_64_TO_32_BIT_CONVERSION = YES;
				GCC_WARN_ABOUT_RETURN_TYPE = YES_ERROR;
				GCC_WARN_UNDECLARED_SELECTOR = YES;
				GCC_WARN_UNINITIALIZED_AUTOS = YES_AGGRESSIVE;
				GCC_WARN_UNUSED_FUNCTION = YES;
				GCC_WARN_UNUSED_VARIABLE = YES;
				MACOSX_DEPLOYMENT_TARGET = 13.3;
				MTL_ENABLE_DEBUG_INFO = NO;
				MTL_FAST_MATH = YES;
				SDKROOT = macosx;
				SWIFT_COMPILATION_MODE = wholemodule;
				SWIFT_OPTIMIZATION_LEVEL = "-O";
			};
			name = Release;
		};
		BE16E2182AAEB20C004052B8 /* Debug */ = {
			isa = XCBuildConfiguration;
			buildSettings = {
				ASSETCATALOG_COMPILER_APPICON_NAME = AppIcon;
				ASSETCATALOG_COMPILER_GLOBAL_ACCENT_COLOR_NAME = AccentColor;
				CODE_SIGN_ENTITLEMENTS = HopeReins/HopeReins.entitlements;
				CODE_SIGN_STYLE = Automatic;
				COMBINE_HIDPI_IMAGES = YES;
				CURRENT_PROJECT_VERSION = 1;
				DEAD_CODE_STRIPPING = YES;
				DEVELOPMENT_ASSET_PATHS = "\"HopeReins/Preview Content\"";
				DEVELOPMENT_TEAM = 456WAMC9V9;
				ENABLE_HARDENED_RUNTIME = YES;
				ENABLE_PREVIEWS = YES;
				GENERATE_INFOPLIST_FILE = YES;
				INFOPLIST_KEY_NSCameraUsageDescription = "We need access to the camera to scan documents";
				INFOPLIST_KEY_NSHumanReadableCopyright = "";
				LD_RUNPATH_SEARCH_PATHS = (
					"$(inherited)",
					"@executable_path/../Frameworks",
				);
				MACOSX_DEPLOYMENT_TARGET = 14.0;
				MARKETING_VERSION = 1.0;
				PRODUCT_BUNDLE_IDENTIFIER = com.CommunityHELP.HopeReins;
				PRODUCT_NAME = "$(TARGET_NAME)";
				SWIFT_EMIT_LOC_STRINGS = YES;
				SWIFT_VERSION = 5.0;
			};
			name = Debug;
		};
		BE16E2192AAEB20C004052B8 /* Release */ = {
			isa = XCBuildConfiguration;
			buildSettings = {
				ASSETCATALOG_COMPILER_APPICON_NAME = AppIcon;
				ASSETCATALOG_COMPILER_GLOBAL_ACCENT_COLOR_NAME = AccentColor;
				CODE_SIGN_ENTITLEMENTS = HopeReins/HopeReins.entitlements;
				CODE_SIGN_STYLE = Automatic;
				COMBINE_HIDPI_IMAGES = YES;
				CURRENT_PROJECT_VERSION = 1;
				DEAD_CODE_STRIPPING = YES;
				DEVELOPMENT_ASSET_PATHS = "\"HopeReins/Preview Content\"";
				DEVELOPMENT_TEAM = 456WAMC9V9;
				ENABLE_HARDENED_RUNTIME = YES;
				ENABLE_PREVIEWS = YES;
				GENERATE_INFOPLIST_FILE = YES;
				INFOPLIST_KEY_NSCameraUsageDescription = "We need access to the camera to scan documents";
				INFOPLIST_KEY_NSHumanReadableCopyright = "";
				LD_RUNPATH_SEARCH_PATHS = (
					"$(inherited)",
					"@executable_path/../Frameworks",
				);
				MACOSX_DEPLOYMENT_TARGET = 14.0;
				MARKETING_VERSION = 1.0;
				PRODUCT_BUNDLE_IDENTIFIER = com.CommunityHELP.HopeReins;
				PRODUCT_NAME = "$(TARGET_NAME)";
				SWIFT_EMIT_LOC_STRINGS = YES;
				SWIFT_VERSION = 5.0;
			};
			name = Release;
		};
/* End XCBuildConfiguration section */

/* Begin XCConfigurationList section */
		BE16E1FE2AAEB20B004052B8 /* Build configuration list for PBXProject "HopeReins" */ = {
			isa = XCConfigurationList;
			buildConfigurations = (
				BE16E2152AAEB20C004052B8 /* Debug */,
				BE16E2162AAEB20C004052B8 /* Release */,
			);
			defaultConfigurationIsVisible = 0;
			defaultConfigurationName = Release;
		};
		BE16E2172AAEB20C004052B8 /* Build configuration list for PBXNativeTarget "HopeReins" */ = {
			isa = XCConfigurationList;
			buildConfigurations = (
				BE16E2182AAEB20C004052B8 /* Debug */,
				BE16E2192AAEB20C004052B8 /* Release */,
			);
			defaultConfigurationIsVisible = 0;
			defaultConfigurationName = Release;
		};
/* End XCConfigurationList section */
	};
	rootObject = BE16E1FB2AAEB20B004052B8 /* Project object */;
}
